
Microsoft Visual Studio Solution File, Format Version 12.00
# Visual Studio 15
VisualStudioVersion = 15.0.28307.136
MinimumVisualStudioVersion = 10.0.40219.1
Project("{FAE04EC0-301F-11D3-BF4B-00C04F79EFBC}") = "AdventCalendar", "AdventCalendar\AdventCalendar.csproj", "{2C35217F-F23E-47FC-A1D5-EFF365E5EC96}"
EndProject
Global
	GlobalSection(SolutionConfigurationPlatforms) = preSolution
		Debug|Any CPU = Debug|Any CPU
		Release|Any CPU = Release|Any CPU
	EndGlobalSection
	GlobalSection(ProjectConfigurationPlatforms) = postSolution
		{2C35217F-F23E-47FC-A1D5-EFF365E5EC96}.Debug|Any CPU.ActiveCfg = Debug|Any CPU
		{2C35217F-F23E-47FC-A1D5-EFF365E5EC96}.Debug|Any CPU.Build.0 = Debug|Any CPU
		{2C35217F-F23E-47FC-A1D5-EFF365E5EC96}.Release|Any CPU.ActiveCfg = Release|Any CPU
		{2C35217F-F23E-47FC-A1D5-EFF365E5EC96}.Release|Any CPU.Build.0 = Release|Any CPU
	EndGlobalSection
	GlobalSection(SolutionProperties) = preSolution
		HideSolutionNode = FALSE
	EndGlobalSection
	GlobalSection(ExtensibilityGlobals) = postSolution
		SolutionGuid = {E2DBDB45-C940-4EF2-8E5B-84FD046F5771}
	EndGlobalSection
EndGlobal
